
Microsoft Visual Studio Solution File, Format Version 12.00
# Visual Studio Version 17
VisualStudioVersion = 17.6.33801.468
MinimumVisualStudioVersion = 10.0.40219.1
Project("{9A19103F-16F7-4668-BE54-9A1E7A4F7556}") = "Mix.VehicleLocator", "Mix.VehicleLocator\Mix.VehicleLocator.csproj", "{AD6F81DF-0948-4D3D-8383-F3F2993F2882}"
EndProject
Global
	GlobalSection(SolutionConfigurationPlatforms) = preSolution
		Debug|Any CPU = Debug|Any CPU
		Release|Any CPU = Release|Any CPU
	EndGlobalSection
	GlobalSection(ProjectConfigurationPlatforms) = postSolution
		{AD6F81DF-0948-4D3D-8383-F3F2993F2882}.Debug|Any CPU.ActiveCfg = Debug|Any CPU
		{AD6F81DF-0948-4D3D-8383-F3F2993F2882}.Debug|Any CPU.Build.0 = Debug|Any CPU
		{AD6F81DF-0948-4D3D-8383-F3F2993F2882}.Release|Any CPU.ActiveCfg = Release|Any CPU
		{AD6F81DF-0948-4D3D-8383-F3F2993F2882}.Release|Any CPU.Build.0 = Release|Any CPU
	EndGlobalSection
	GlobalSection(SolutionProperties) = preSolution
		HideSolutionNode = FALSE
	EndGlobalSection
	GlobalSection(ExtensibilityGlobals) = postSolution
		SolutionGuid = {25EC1739-1F37-4C38-BEB5-0436457580E3}
	EndGlobalSection
EndGlobal
